# This file is automatically @generated by Poetry and should not be changed by hand.

[[package]]
name = "astroid"
version = "2.14.1"
description = "An abstract syntax tree for Python with inference support."
category = "dev"
optional = false
python-versions = ">=3.7.2"
files = [
    {file = "astroid-2.14.1-py3-none-any.whl", hash = "sha256:23c718921acab5f08cbbbe9293967f1f8fec40c336d19cd75dc12a9ea31d2eb2"},
    {file = "astroid-2.14.1.tar.gz", hash = "sha256:bd1aa4f9915c98e8aaebcd4e71930154d4e8c9aaf05d35ac0a63d1956091ae3f"},
]

[package.dependencies]
lazy-object-proxy = ">=1.4.0"
wrapt = {version = ">=1.14,<2", markers = "python_version >= \"3.11\""}

[[package]]
name = "autopep8"
version = "1.6.0"
description = "A tool that automatically formats Python code to conform to the PEP 8 style guide"
category = "dev"
optional = false
python-versions = "*"
files = [
    {file = "autopep8-1.6.0-py2.py3-none-any.whl", hash = "sha256:ed77137193bbac52d029a52c59bec1b0629b5a186c495f1eb21b126ac466083f"},
    {file = "autopep8-1.6.0.tar.gz", hash = "sha256:44f0932855039d2c15c4510d6df665e4730f2b8582704fa48f9c55bd3e17d979"},
]

[package.dependencies]
pycodestyle = ">=2.8.0"
toml = "*"

[[package]]
name = "colorama"
version = "0.4.6"
description = "Cross-platform colored terminal text."
category = "dev"
optional = false
python-versions = "!=3.0.*,!=3.1.*,!=3.2.*,!=3.3.*,!=3.4.*,!=3.5.*,!=3.6.*,>=2.7"
files = [
    {file = "colorama-0.4.6-py2.py3-none-any.whl", hash = "sha256:4f1d9991f5acc0ca119f9d443620b77f9d6b33703e51011c16baf57afb285fc6"},
    {file = "colorama-0.4.6.tar.gz", hash = "sha256:08695f5cb7ed6e0531a20572697297273c47b8cae5a63ffc6d6ed5c201be6e44"},
]

[[package]]
name = "dill"
version = "0.3.6"
description = "serialize all of python"
category = "dev"
optional = false
python-versions = ">=3.7"
files = [
    {file = "dill-0.3.6-py3-none-any.whl", hash = "sha256:a07ffd2351b8c678dfc4a856a3005f8067aea51d6ba6c700796a4d9e280f39f0"},
    {file = "dill-0.3.6.tar.gz", hash = "sha256:e5db55f3687856d8fbdab002ed78544e1c4559a130302693d839dfe8f93f2373"},
]

[package.extras]
graph = ["objgraph (>=1.7.2)"]

[[package]]
name = "docstring-to-markdown"
version = "0.11"
description = "On the fly conversion of Python docstrings to markdown"
category = "dev"
optional = false
python-versions = ">=3.6"
files = [
    {file = "docstring-to-markdown-0.11.tar.gz", hash = "sha256:5b1da2c89d9d0d09b955dec0ee111284ceadd302a938a03ed93f66e09134f9b5"},
    {file = "docstring_to_markdown-0.11-py3-none-any.whl", hash = "sha256:01900aee1bc7fde5aacaf319e517a5e1d4f0bf04e401373c08d28fcf79bfb73b"},
]

[[package]]
name = "flake8"
version = "6.0.0"
description = "the modular source code checker: pep8 pyflakes and co"
category = "dev"
optional = false
python-versions = ">=3.8.1"
files = [
    {file = "flake8-6.0.0-py2.py3-none-any.whl", hash = "sha256:3833794e27ff64ea4e9cf5d410082a8b97ff1a06c16aa3d2027339cd0f1195c7"},
    {file = "flake8-6.0.0.tar.gz", hash = "sha256:c61007e76655af75e6785a931f452915b371dc48f56efd765247c8fe68f2b181"},
]

[package.dependencies]
mccabe = ">=0.7.0,<0.8.0"
pycodestyle = ">=2.10.0,<2.11.0"
pyflakes = ">=3.0.0,<3.1.0"

[[package]]
name = "isort"
version = "5.12.0"
description = "A Python utility / library to sort Python imports."
category = "dev"
optional = false
python-versions = ">=3.8.0"
files = [
    {file = "isort-5.12.0-py3-none-any.whl", hash = "sha256:f84c2818376e66cf843d497486ea8fed8700b340f308f076c6fb1229dff318b6"},
    {file = "isort-5.12.0.tar.gz", hash = "sha256:8bef7dde241278824a6d83f44a544709b065191b95b6e50894bdc722fcba0504"},
]

[package.extras]
colors = ["colorama (>=0.4.3)"]
pipfile-deprecated-finder = ["pip-shims (>=0.5.2)", "pipreqs", "requirementslib"]
plugins = ["setuptools"]
requirements-deprecated-finder = ["pip-api", "pipreqs"]

[[package]]
name = "jedi"
version = "0.18.2"
description = "An autocompletion tool for Python that can be used for text editors."
category = "dev"
optional = false
python-versions = ">=3.6"
files = [
    {file = "jedi-0.18.2-py2.py3-none-any.whl", hash = "sha256:203c1fd9d969ab8f2119ec0a3342e0b49910045abe6af0a3ae83a5764d54639e"},
    {file = "jedi-0.18.2.tar.gz", hash = "sha256:bae794c30d07f6d910d32a7048af09b5a39ed740918da923c6b780790ebac612"},
]

[package.dependencies]
parso = ">=0.8.0,<0.9.0"

[package.extras]
docs = ["Jinja2 (==2.11.3)", "MarkupSafe (==1.1.1)", "Pygments (==2.8.1)", "alabaster (==0.7.12)", "babel (==2.9.1)", "chardet (==4.0.0)", "commonmark (==0.8.1)", "docutils (==0.17.1)", "future (==0.18.2)", "idna (==2.10)", "imagesize (==1.2.0)", "mock (==1.0.1)", "packaging (==20.9)", "pyparsing (==2.4.7)", "pytz (==2021.1)", "readthedocs-sphinx-ext (==2.1.4)", "recommonmark (==0.5.0)", "requests (==2.25.1)", "six (==1.15.0)", "snowballstemmer (==2.1.0)", "sphinx (==1.8.5)", "sphinx-rtd-theme (==0.4.3)", "sphinxcontrib-serializinghtml (==1.1.4)", "sphinxcontrib-websupport (==1.2.4)", "urllib3 (==1.26.4)"]
qa = ["flake8 (==3.8.3)", "mypy (==0.782)"]
testing = ["Django (<3.1)", "attrs", "colorama", "docopt", "pytest (<7.0.0)"]

[[package]]
name = "lazy-object-proxy"
version = "1.9.0"
description = "A fast and thorough lazy object proxy."
category = "dev"
optional = false
python-versions = ">=3.7"
files = [
    {file = "lazy-object-proxy-1.9.0.tar.gz", hash = "sha256:659fb5809fa4629b8a1ac5106f669cfc7bef26fbb389dda53b3e010d1ac4ebae"},
    {file = "lazy_object_proxy-1.9.0-cp310-cp310-macosx_10_9_x86_64.whl", hash = "sha256:b40387277b0ed2d0602b8293b94d7257e17d1479e257b4de114ea11a8cb7f2d7"},
    {file = "lazy_object_proxy-1.9.0-cp310-cp310-manylinux_2_17_aarch64.manylinux2014_aarch64.whl", hash = "sha256:e8c6cfb338b133fbdbc5cfaa10fe3c6aeea827db80c978dbd13bc9dd8526b7d4"},
    {file = "lazy_object_proxy-1.9.0-cp310-cp310-manylinux_2_5_x86_64.manylinux1_x86_64.manylinux_2_17_x86_64.manylinux2014_x86_64.whl", hash = "sha256:721532711daa7db0d8b779b0bb0318fa87af1c10d7fe5e52ef30f8eff254d0cd"},
    {file = "lazy_object_proxy-1.9.0-cp310-cp310-musllinux_1_1_aarch64.whl", hash = "sha256:66a3de4a3ec06cd8af3f61b8e1ec67614fbb7c995d02fa224813cb7afefee701"},
    {file = "lazy_object_proxy-1.9.0-cp310-cp310-musllinux_1_1_x86_64.whl", hash = "sha256:1aa3de4088c89a1b69f8ec0dcc169aa725b0ff017899ac568fe44ddc1396df46"},
    {file = "lazy_object_proxy-1.9.0-cp310-cp310-win32.whl", hash = "sha256:f0705c376533ed2a9e5e97aacdbfe04cecd71e0aa84c7c0595d02ef93b6e4455"},
    {file = "lazy_object_proxy-1.9.0-cp310-cp310-win_amd64.whl", hash = "sha256:ea806fd4c37bf7e7ad82537b0757999264d5f70c45468447bb2b91afdbe73a6e"},
    {file = "lazy_object_proxy-1.9.0-cp311-cp311-macosx_10_9_x86_64.whl", hash = "sha256:946d27deaff6cf8452ed0dba83ba38839a87f4f7a9732e8f9fd4107b21e6ff07"},
    {file = "lazy_object_proxy-1.9.0-cp311-cp311-manylinux_2_17_aarch64.manylinux2014_aarch64.whl", hash = "sha256:79a31b086e7e68b24b99b23d57723ef7e2c6d81ed21007b6281ebcd1688acb0a"},
    {file = "lazy_object_proxy-1.9.0-cp311-cp311-manylinux_2_5_x86_64.manylinux1_x86_64.manylinux_2_17_x86_64.manylinux2014_x86_64.whl", hash = "sha256:f699ac1c768270c9e384e4cbd268d6e67aebcfae6cd623b4d7c3bfde5a35db59"},
    {file = "lazy_object_proxy-1.9.0-cp311-cp311-musllinux_1_1_aarch64.whl", hash = "sha256:bfb38f9ffb53b942f2b5954e0f610f1e721ccebe9cce9025a38c8ccf4a5183a4"},
    {file = "lazy_object_proxy-1.9.0-cp311-cp311-musllinux_1_1_x86_64.whl", hash = "sha256:189bbd5d41ae7a498397287c408617fe5c48633e7755287b21d741f7db2706a9"},
    {file = "lazy_object_proxy-1.9.0-cp311-cp311-win32.whl", hash = "sha256:81fc4d08b062b535d95c9ea70dbe8a335c45c04029878e62d744bdced5141586"},
    {file = "lazy_object_proxy-1.9.0-cp311-cp311-win_amd64.whl", hash = "sha256:f2457189d8257dd41ae9b434ba33298aec198e30adf2dcdaaa3a28b9994f6adb"},
    {file = "lazy_object_proxy-1.9.0-cp37-cp37m-macosx_10_9_x86_64.whl", hash = "sha256:d9e25ef10a39e8afe59a5c348a4dbf29b4868ab76269f81ce1674494e2565a6e"},
    {file = "lazy_object_proxy-1.9.0-cp37-cp37m-manylinux_2_17_aarch64.manylinux2014_aarch64.whl", hash = "sha256:cbf9b082426036e19c6924a9ce90c740a9861e2bdc27a4834fd0a910742ac1e8"},
    {file = "lazy_object_proxy-1.9.0-cp37-cp37m-manylinux_2_5_x86_64.manylinux1_x86_64.manylinux_2_17_x86_64.manylinux2014_x86_64.whl", hash = "sha256:9f5fa4a61ce2438267163891961cfd5e32ec97a2c444e5b842d574251ade27d2"},
    {file = "lazy_object_proxy-1.9.0-cp37-cp37m-musllinux_1_1_aarch64.whl", hash = "sha256:8fa02eaab317b1e9e03f69aab1f91e120e7899b392c4fc19807a8278a07a97e8"},
    {file = "lazy_object_proxy-1.9.0-cp37-cp37m-musllinux_1_1_x86_64.whl", hash = "sha256:e7c21c95cae3c05c14aafffe2865bbd5e377cfc1348c4f7751d9dc9a48ca4bda"},
    {file = "lazy_object_proxy-1.9.0-cp37-cp37m-win32.whl", hash = "sha256:f12ad7126ae0c98d601a7ee504c1122bcef553d1d5e0c3bfa77b16b3968d2734"},
    {file = "lazy_object_proxy-1.9.0-cp37-cp37m-win_amd64.whl", hash = "sha256:edd20c5a55acb67c7ed471fa2b5fb66cb17f61430b7a6b9c3b4a1e40293b1671"},
    {file = "lazy_object_proxy-1.9.0-cp38-cp38-macosx_10_9_x86_64.whl", hash = "sha256:2d0daa332786cf3bb49e10dc6a17a52f6a8f9601b4cf5c295a4f85854d61de63"},
    {file = "lazy_object_proxy-1.9.0-cp38-cp38-manylinux_2_17_aarch64.manylinux2014_aarch64.whl", hash = "sha256:9cd077f3d04a58e83d04b20e334f678c2b0ff9879b9375ed107d5d07ff160171"},
    {file = "lazy_object_proxy-1.9.0-cp38-cp38-manylinux_2_5_x86_64.manylinux1_x86_64.manylinux_2_17_x86_64.manylinux2014_x86_64.whl", hash = "sha256:660c94ea760b3ce47d1855a30984c78327500493d396eac4dfd8bd82041b22be"},
    {file = "lazy_object_proxy-1.9.0-cp38-cp38-musllinux_1_1_aarch64.whl", hash = "sha256:212774e4dfa851e74d393a2370871e174d7ff0ebc980907723bb67d25c8a7c30"},
    {file = "lazy_object_proxy-1.9.0-cp38-cp38-musllinux_1_1_x86_64.whl", hash = "sha256:f0117049dd1d5635bbff65444496c90e0baa48ea405125c088e93d9cf4525b11"},
    {file = "lazy_object_proxy-1.9.0-cp38-cp38-win32.whl", hash = "sha256:0a891e4e41b54fd5b8313b96399f8b0e173bbbfc03c7631f01efbe29bb0bcf82"},
    {file = "lazy_object_proxy-1.9.0-cp38-cp38-win_amd64.whl", hash = "sha256:9990d8e71b9f6488e91ad25f322898c136b008d87bf852ff65391b004da5e17b"},
    {file = "lazy_object_proxy-1.9.0-cp39-cp39-macosx_10_9_x86_64.whl", hash = "sha256:9e7551208b2aded9c1447453ee366f1c4070602b3d932ace044715d89666899b"},
    {file = "lazy_object_proxy-1.9.0-cp39-cp39-manylinux_2_17_aarch64.manylinux2014_aarch64.whl", hash = "sha256:5f83ac4d83ef0ab017683d715ed356e30dd48a93746309c8f3517e1287523ef4"},
    {file = "lazy_object_proxy-1.9.0-cp39-cp39-manylinux_2_5_x86_64.manylinux1_x86_64.manylinux_2_17_x86_64.manylinux2014_x86_64.whl", hash = "sha256:7322c3d6f1766d4ef1e51a465f47955f1e8123caee67dd641e67d539a534d006"},
    {file = "lazy_object_proxy-1.9.0-cp39-cp39-musllinux_1_1_aarch64.whl", hash = "sha256:18b78ec83edbbeb69efdc0e9c1cb41a3b1b1ed11ddd8ded602464c3fc6020494"},
    {file = "lazy_object_proxy-1.9.0-cp39-cp39-musllinux_1_1_x86_64.whl", hash = "sha256:09763491ce220c0299688940f8dc2c5d05fd1f45af1e42e636b2e8b2303e4382"},
    {file = "lazy_object_proxy-1.9.0-cp39-cp39-win32.whl", hash = "sha256:9090d8e53235aa280fc9239a86ae3ea8ac58eff66a705fa6aa2ec4968b95c821"},
    {file = "lazy_object_proxy-1.9.0-cp39-cp39-win_amd64.whl", hash = "sha256:db1c1722726f47e10e0b5fdbf15ac3b8adb58c091d12b3ab713965795036985f"},
]

[[package]]
name = "mccabe"
version = "0.7.0"
description = "McCabe checker, plugin for flake8"
category = "dev"
optional = false
python-versions = ">=3.6"
files = [
    {file = "mccabe-0.7.0-py2.py3-none-any.whl", hash = "sha256:6c2d30ab6be0e4a46919781807b4f0d834ebdd6c6e3dca0bda5a15f863427b6e"},
    {file = "mccabe-0.7.0.tar.gz", hash = "sha256:348e0240c33b60bbdf4e523192ef919f28cb2c3d7d5c7794f74009290f236325"},
]

[[package]]
name = "packaging"
version = "23.0"
description = "Core utilities for Python packages"
category = "dev"
optional = false
python-versions = ">=3.7"
files = [
    {file = "packaging-23.0-py3-none-any.whl", hash = "sha256:714ac14496c3e68c99c29b00845f7a2b85f3bb6f1078fd9f72fd20f0570002b2"},
    {file = "packaging-23.0.tar.gz", hash = "sha256:b6ad297f8907de0fa2fe1ccbd26fdaf387f5f47c7275fedf8cce89f99446cf97"},
]

[[package]]
name = "parso"
version = "0.8.3"
description = "A Python Parser"
category = "dev"
optional = false
python-versions = ">=3.6"
files = [
    {file = "parso-0.8.3-py2.py3-none-any.whl", hash = "sha256:c001d4636cd3aecdaf33cbb40aebb59b094be2a74c556778ef5576c175e19e75"},
    {file = "parso-0.8.3.tar.gz", hash = "sha256:8c07be290bb59f03588915921e29e8a50002acaf2cdc5fa0e0114f91709fafa0"},
]

[package.extras]
qa = ["flake8 (==3.8.3)", "mypy (==0.782)"]
testing = ["docopt", "pytest (<6.0.0)"]

[[package]]
name = "platformdirs"
version = "3.0.0"
description = "A small Python package for determining appropriate platform-specific dirs, e.g. a \"user data dir\"."
category = "dev"
optional = false
python-versions = ">=3.7"
files = [
    {file = "platformdirs-3.0.0-py3-none-any.whl", hash = "sha256:b1d5eb14f221506f50d6604a561f4c5786d9e80355219694a1b244bcd96f4567"},
    {file = "platformdirs-3.0.0.tar.gz", hash = "sha256:8a1228abb1ef82d788f74139988b137e78692984ec7b08eaa6c65f1723af28f9"},
]

[package.extras]
docs = ["furo (>=2022.12.7)", "proselint (>=0.13)", "sphinx (>=6.1.3)", "sphinx-autodoc-typehints (>=1.22,!=1.23.4)"]
test = ["appdirs (==1.4.4)", "covdefaults (>=2.2.2)", "pytest (>=7.2.1)", "pytest-cov (>=4)", "pytest-mock (>=3.10)"]

[[package]]
name = "pluggy"
version = "1.0.0"
description = "plugin and hook calling mechanisms for python"
category = "dev"
optional = false
python-versions = ">=3.6"
files = [
    {file = "pluggy-1.0.0-py2.py3-none-any.whl", hash = "sha256:74134bbf457f031a36d68416e1509f34bd5ccc019f0bcc952c7b909d06b37bd3"},
    {file = "pluggy-1.0.0.tar.gz", hash = "sha256:4224373bacce55f955a878bf9cfa763c1e360858e330072059e10bad68531159"},
]

[package.extras]
dev = ["pre-commit", "tox"]
testing = ["pytest", "pytest-benchmark"]

[[package]]
name = "pycodestyle"
version = "2.10.0"
description = "Python style guide checker"
category = "dev"
optional = false
python-versions = ">=3.6"
files = [
    {file = "pycodestyle-2.10.0-py2.py3-none-any.whl", hash = "sha256:8a4eaf0d0495c7395bdab3589ac2db602797d76207242c17d470186815706610"},
    {file = "pycodestyle-2.10.0.tar.gz", hash = "sha256:347187bdb476329d98f695c213d7295a846d1152ff4fe9bacb8a9590b8ee7053"},
]

[[package]]
name = "pydocstyle"
version = "6.2.3"
description = "Python docstring style checker"
category = "dev"
optional = false
python-versions = ">=3.6"
files = [
    {file = "pydocstyle-6.2.3-py3-none-any.whl", hash = "sha256:a04ed1e6fe0be0970eddbb1681a7ab59b11eb92729fdb4b9b24f0eb11a25629e"},
    {file = "pydocstyle-6.2.3.tar.gz", hash = "sha256:d867acad25e48471f2ad8a40ef9813125e954ad675202245ca836cb6e28b2297"},
]

[package.dependencies]
snowballstemmer = ">=2.2.0"

[package.extras]
toml = ["tomli (>=1.2.3)"]

[[package]]
name = "pyflakes"
version = "3.0.1"
description = "passive checker of Python programs"
category = "dev"
optional = false
python-versions = ">=3.6"
files = [
    {file = "pyflakes-3.0.1-py2.py3-none-any.whl", hash = "sha256:ec55bf7fe21fff7f1ad2f7da62363d749e2a470500eab1b555334b67aa1ef8cf"},
    {file = "pyflakes-3.0.1.tar.gz", hash = "sha256:ec8b276a6b60bd80defed25add7e439881c19e64850afd9b346283d4165fd0fd"},
]

[[package]]
name = "pylint"
version = "2.16.1"
description = "python code static checker"
category = "dev"
optional = false
python-versions = ">=3.7.2"
files = [
    {file = "pylint-2.16.1-py3-none-any.whl", hash = "sha256:bad9d7c36037f6043a1e848a43004dfd5ea5ceb05815d713ba56ca4503a9fe37"},
    {file = "pylint-2.16.1.tar.gz", hash = "sha256:ffe7fa536bb38ba35006a7c8a6d2efbfdd3d95bbf21199cad31f76b1c50aaf30"},
]

[package.dependencies]
astroid = ">=2.14.1,<=2.16.0-dev0"
colorama = {version = ">=0.4.5", markers = "sys_platform == \"win32\""}
dill = {version = ">=0.3.6", markers = "python_version >= \"3.11\""}
isort = ">=4.2.5,<6"
mccabe = ">=0.6,<0.8"
platformdirs = ">=2.2.0"
tomlkit = ">=0.10.1"

[package.extras]
spelling = ["pyenchant (>=3.2,<4.0)"]
testutils = ["gitpython (>3)"]

[[package]]
name = "pyside6"
version = "6.4.2"
description = "Python bindings for the Qt cross-platform application and UI framework"
category = "main"
optional = false
python-versions = "<3.12,>=3.7"
files = [
    {file = "PySide6-6.4.2-cp37-abi3-macosx_10_9_universal2.whl", hash = "sha256:e5f8f413743cc28b18e10b3d35a50f1410ed2874a376cd136ffa6030e5ed78fa"},
    {file = "PySide6-6.4.2-cp37-abi3-manylinux_2_28_x86_64.whl", hash = "sha256:b9f132133e0681c5d1d47d533108cc9d35f96486251a9f23bdac6f3b6aa53a1c"},
    {file = "PySide6-6.4.2-cp37-abi3-win_amd64.whl", hash = "sha256:59dafe1f608d5363afa17d318377ac78d686907d6a1292754887b9229632f36e"},
    {file = "PySide6-6.4.2-pp39-pypy39_pp73-macosx_10_9_universal2.whl", hash = "sha256:40830c2a5d1a19cedb33638f85b505831e172fa2630b95f11e993614187e8562"},
    {file = "PySide6-6.4.2-pp39-pypy39_pp73-manylinux_2_28_x86_64.whl", hash = "sha256:74b49be890662511eb8f279cf4862f7452c1ec7dbb61839f6a9baa0efdefce66"},
    {file = "PySide6-6.4.2-pp39-pypy39_pp73-win_amd64.whl", hash = "sha256:0985a75aa5ff42f93e5e0a0034d2c00f4dfc9a5cda3d63a8f9c5da3096dc7e04"},
]

[package.dependencies]
PySide6-Addons = "6.4.2"
PySide6-Essentials = "6.4.2"
shiboken6 = "6.4.2"

[[package]]
name = "pyside6-addons"
version = "6.4.2"
description = "Python bindings for the Qt cross-platform application and UI framework (Addons)"
category = "main"
optional = false
python-versions = "<3.12,>=3.7"
files = [
    {file = "PySide6_Addons-6.4.2-cp37-abi3-macosx_10_9_universal2.whl", hash = "sha256:e94d3d6385723c6c3c78b321498e6ab7331f67c77d6233d314c98b89cc629449"},
    {file = "PySide6_Addons-6.4.2-cp37-abi3-manylinux_2_28_x86_64.whl", hash = "sha256:5c06fa0e1bc6269b9e80e004f928eadc4c7f07bca51e41b375f79f3dc17c94ea"},
    {file = "PySide6_Addons-6.4.2-cp37-abi3-win_amd64.whl", hash = "sha256:03245466c3844681cdd7d350c1c94444cafff4c86394b44b6bff32643a9668c6"},
    {file = "PySide6_Addons-6.4.2-pp39-pypy39_pp73-macosx_10_9_universal2.whl", hash = "sha256:101bfe096a426eab15cc02f4d5755ace564ce53693cb44b3fc66223709d999b5"},
    {file = "PySide6_Addons-6.4.2-pp39-pypy39_pp73-manylinux_2_28_x86_64.whl", hash = "sha256:f5160f28cec8068f717150d7e9a054c6ae0034c75e404b9ae198f620e8bcc7c3"},
    {file = "PySide6_Addons-6.4.2-pp39-pypy39_pp73-win_amd64.whl", hash = "sha256:9fddedee6d5d3c0c98677f421530402a4107f4b4ad773c596d5dd21366f88abf"},
]

[package.dependencies]
PySide6-Essentials = "6.4.2"
shiboken6 = "6.4.2"

[[package]]
name = "pyside6-essentials"
version = "6.4.2"
description = "Python bindings for the Qt cross-platform application and UI framework (Essentials)"
category = "main"
optional = false
python-versions = "<3.12,>=3.7"
files = [
    {file = "PySide6_Essentials-6.4.2-cp37-abi3-macosx_10_9_universal2.whl", hash = "sha256:8f208567e27c9caede517f07ec53cb6b3f9472d72866080393f3150393683c46"},
    {file = "PySide6_Essentials-6.4.2-cp37-abi3-manylinux_2_28_x86_64.whl", hash = "sha256:8c3d37cca6e27f6da12b50b20e741d593ccc857bdcdb82d97f8f7c8bfe53639a"},
    {file = "PySide6_Essentials-6.4.2-cp37-abi3-win_amd64.whl", hash = "sha256:8061b68d7eb4ace0ad4443c66747ebac92f686ba704ac343f58e9e9eed8f1c0f"},
    {file = "PySide6_Essentials-6.4.2-pp39-pypy39_pp73-macosx_10_9_universal2.whl", hash = "sha256:459202678a5217d1b1ad44ca6da2033e73082d702eafd842c1bf6952e243eb65"},
    {file = "PySide6_Essentials-6.4.2-pp39-pypy39_pp73-manylinux_2_28_x86_64.whl", hash = "sha256:7d01e1fd4136cbc3f5516d1c7187a694dd5b6d09a4be3de6e184d0845070ba85"},
    {file = "PySide6_Essentials-6.4.2-pp39-pypy39_pp73-win_amd64.whl", hash = "sha256:0b00979a37a2cf0b848d5ac1eb595e4480687f0ddd34d82cbc738dfe7e8976bc"},
]

[package.dependencies]
shiboken6 = "6.4.2"

[[package]]
name = "python-lsp-jsonrpc"
version = "1.0.0"
description = "JSON RPC 2.0 server library"
category = "dev"
optional = false
python-versions = "*"
files = [
    {file = "python-lsp-jsonrpc-1.0.0.tar.gz", hash = "sha256:7bec170733db628d3506ea3a5288ff76aa33c70215ed223abdb0d95e957660bd"},
    {file = "python_lsp_jsonrpc-1.0.0-py3-none-any.whl", hash = "sha256:079b143be64b0a378bdb21dff5e28a8c1393fe7e8a654ef068322d754e545fc7"},
]

[package.dependencies]
ujson = ">=3.0.0"

[package.extras]
test = ["coverage", "pycodestyle", "pyflakes", "pylint", "pytest", "pytest-cov"]

[[package]]
name = "python-lsp-server"
version = "1.7.1"
description = "Python Language Server for the Language Server Protocol"
category = "dev"
optional = false
python-versions = ">=3.7"
files = [
    {file = "python-lsp-server-1.7.1.tar.gz", hash = "sha256:67473bb301f35434b5fa8b21fc5ed5fac27dc8a8446ccec8bae456af52a0aef6"},
    {file = "python_lsp_server-1.7.1-py3-none-any.whl", hash = "sha256:8f8b382868b161199aa385659b28427890be628d86f54810463a4d0ee0d6d091"},
]

[package.dependencies]
autopep8 = {version = ">=1.6.0,<1.7.0", optional = true, markers = "extra == \"all\""}
docstring-to-markdown = "*"
flake8 = {version = ">=5.0.0,<7", optional = true, markers = "extra == \"all\""}
jedi = ">=0.17.2,<0.19.0"
mccabe = {version = ">=0.7.0,<0.8.0", optional = true, markers = "extra == \"all\""}
pluggy = ">=1.0.0"
pycodestyle = {version = ">=2.9.0,<2.11.0", optional = true, markers = "extra == \"all\""}
pydocstyle = {version = ">=6.2.0,<6.3.0", optional = true, markers = "extra == \"all\""}
pyflakes = {version = ">=2.5.0,<3.1.0", optional = true, markers = "extra == \"all\""}
pylint = {version = ">=2.5.0,<3", optional = true, markers = "extra == \"all\""}
python-lsp-jsonrpc = ">=1.0.0"
rope = {version = ">1.2.0", optional = true, markers = "extra == \"all\""}
setuptools = ">=39.0.0"
ujson = ">=3.0.0"
whatthepatch = {version = ">=1.0.2,<2.0.0", optional = true, markers = "extra == \"all\""}
yapf = {version = "*", optional = true, markers = "extra == \"all\""}

[package.extras]
all = ["autopep8 (>=1.6.0,<1.7.0)", "flake8 (>=5.0.0,<7)", "mccabe (>=0.7.0,<0.8.0)", "pycodestyle (>=2.9.0,<2.11.0)", "pydocstyle (>=6.2.0,<6.3.0)", "pyflakes (>=2.5.0,<3.1.0)", "pylint (>=2.5.0,<3)", "rope (>1.2.0)", "whatthepatch (>=1.0.2,<2.0.0)", "yapf"]
autopep8 = ["autopep8 (>=1.6.0,<1.7.0)"]
flake8 = ["flake8 (>=5.0.0,<7)"]
mccabe = ["mccabe (>=0.7.0,<0.8.0)"]
pycodestyle = ["pycodestyle (>=2.9.0,<2.11.0)"]
pydocstyle = ["pydocstyle (>=6.2.0,<6.3.0)"]
pyflakes = ["pyflakes (>=2.5.0,<3.1.0)"]
pylint = ["pylint (>=2.5.0,<3)"]
rope = ["rope (>1.2.0)"]
test = ["coverage", "flaky", "matplotlib", "numpy", "pandas", "pylint (>=2.5.0,<3)", "pyqt5", "pytest", "pytest-cov"]
websockets = ["websockets (>=10.3)"]
yapf = ["whatthepatch (>=1.0.2,<2.0.0)", "yapf"]

[[package]]
name = "pytoolconfig"
version = "1.2.5"
description = "Python tool configuration"
category = "dev"
optional = false
python-versions = ">=3.7"
files = [
    {file = "pytoolconfig-1.2.5-py3-none-any.whl", hash = "sha256:239ba9d3e537b91d0243275a497700ea39a5e259ddb80421c366e3b288bf30fe"},
    {file = "pytoolconfig-1.2.5.tar.gz", hash = "sha256:a50f9dfe23b03a9d40414c1fdf902fefbeae12f2ac75a3c8f915944d6ffac279"},
]

[package.dependencies]
packaging = ">=22.0"
platformdirs = {version = ">=1.4.4", optional = true, markers = "extra == \"global\""}

[package.extras]
doc = ["sphinx (>=4.5.0)", "tabulate (>=0.8.9)"]
gendocs = ["pytoolconfig[doc]", "sphinx (>=4.5.0)", "sphinx-autodoc-typehints (>=1.18.1)", "sphinx-rtd-theme (>=1.0.0)"]
global = ["platformdirs (>=1.4.4)"]
validation = ["pydantic (>=1.7.4)"]

[[package]]
name = "rope"
version = "1.7.0"
description = "a python refactoring library..."
category = "dev"
optional = false
python-versions = ">=3.7"
files = [
    {file = "rope-1.7.0-py3-none-any.whl", hash = "sha256:893dd80ba7077fc9f6f42b0a849372076b70f1d6e405b9f0cc52781ffa0e6890"},
    {file = "rope-1.7.0.tar.gz", hash = "sha256:ba39581d0f8dee4ae8b5b5e82e35d03cebad965ccb127b7eaab9755cdc85e85a"},
]

[package.dependencies]
pytoolconfig = {version = ">=1.2.2", extras = ["global"]}

[package.extras]
dev = ["build (>=0.7.0)", "pre-commit (>=2.20.0)", "pytest (>=7.0.1)", "pytest-timeout (>=2.1.0)"]
doc = ["pytoolconfig[doc]", "sphinx (>=4.5.0)", "sphinx-autodoc-typehints (>=1.18.1)", "sphinx-rtd-theme (>=1.0.0)"]

[[package]]
name = "setuptools"
version = "67.2.0"
description = "Easily download, build, install, upgrade, and uninstall Python packages"
category = "dev"
optional = false
python-versions = ">=3.7"
files = [
    {file = "setuptools-67.2.0-py3-none-any.whl", hash = "sha256:16ccf598aab3b506593c17378473978908a2734d7336755a8769b480906bec1c"},
    {file = "setuptools-67.2.0.tar.gz", hash = "sha256:b440ee5f7e607bb8c9de15259dba2583dd41a38879a7abc1d43a71c59524da48"},
]

[package.extras]
docs = ["furo", "jaraco.packaging (>=9)", "jaraco.tidelift (>=1.4)", "pygments-github-lexers (==0.0.5)", "rst.linker (>=1.9)", "sphinx (>=3.5)", "sphinx-favicon", "sphinx-hoverxref (<2)", "sphinx-inline-tabs", "sphinx-lint", "sphinx-notfound-page (==0.8.3)", "sphinx-reredirects", "sphinxcontrib-towncrier"]
testing = ["build[virtualenv]", "filelock (>=3.4.0)", "flake8 (<5)", "flake8-2020", "ini2toml[lite] (>=0.9)", "jaraco.envs (>=2.2)", "jaraco.path (>=3.2.0)", "pip (>=19.1)", "pip-run (>=8.8)", "pytest (>=6)", "pytest-black (>=0.3.7)", "pytest-checkdocs (>=2.4)", "pytest-cov", "pytest-enabler (>=1.3)", "pytest-flake8", "pytest-mypy (>=0.9.1)", "pytest-perf", "pytest-timeout", "pytest-xdist", "tomli-w (>=1.0.0)", "virtualenv (>=13.0.0)", "wheel"]
testing-integration = ["build[virtualenv]", "filelock (>=3.4.0)", "jaraco.envs (>=2.2)", "jaraco.path (>=3.2.0)", "pytest", "pytest-enabler", "pytest-xdist", "tomli", "virtualenv (>=13.0.0)", "wheel"]

[[package]]
name = "shiboken6"
version = "6.4.2"
description = "Python/C++ bindings helper module"
category = "main"
optional = false
python-versions = "<3.12,>=3.7"
files = [
    {file = "shiboken6-6.4.2-cp37-abi3-macosx_10_9_universal2.whl", hash = "sha256:6131d32cce4114924dabea313fc345745f95ce567631349f2fad170ebff4bfee"},
    {file = "shiboken6-6.4.2-cp37-abi3-manylinux_2_28_x86_64.whl", hash = "sha256:0616c1a12d1e51e680595b3940b986275c1df952a751416a0730a59e5b90105f"},
    {file = "shiboken6-6.4.2-cp37-abi3-win_amd64.whl", hash = "sha256:2278f8d6ab6f3377e82f72b6305e06bd53e9e479729de489e7a5205296bdb74e"},
    {file = "shiboken6-6.4.2-pp39-pypy39_pp73-macosx_10_9_universal2.whl", hash = "sha256:0c706fd0e6eeb49d807aaef08f078526eb35bee1d84209cf66cb1ff70508b93a"},
    {file = "shiboken6-6.4.2-pp39-pypy39_pp73-manylinux_2_28_x86_64.whl", hash = "sha256:58511b2d0f77f3153b0371e0da2730db38195cb72e5d450e32a52db25c6af06d"},
    {file = "shiboken6-6.4.2-pp39-pypy39_pp73-win_amd64.whl", hash = "sha256:d66bfdd80bbb3c8f9165afad4bb8786434a75456a36f8ee90b583c31ef311a50"},
]

[[package]]
name = "snowballstemmer"
version = "2.2.0"
description = "This package provides 29 stemmers for 28 languages generated from Snowball algorithms."
category = "dev"
optional = false
python-versions = "*"
files = [
    {file = "snowballstemmer-2.2.0-py2.py3-none-any.whl", hash = "sha256:c8e1716e83cc398ae16824e5572ae04e0d9fc2c6b985fb0f900f5f0c96ecba1a"},
    {file = "snowballstemmer-2.2.0.tar.gz", hash = "sha256:09b16deb8547d3412ad7b590689584cd0fe25ec8db3be37788be3810cbf19cb1"},
]

[[package]]
name = "toml"
version = "0.10.2"
description = "Python Library for Tom's Obvious, Minimal Language"
category = "dev"
optional = false
python-versions = ">=2.6, !=3.0.*, !=3.1.*, !=3.2.*"
files = [
    {file = "toml-0.10.2-py2.py3-none-any.whl", hash = "sha256:806143ae5bfb6a3c6e736a764057db0e6a0e05e338b5630894a5f779cabb4f9b"},
    {file = "toml-0.10.2.tar.gz", hash = "sha256:b3bda1d108d5dd99f4a20d24d9c348e91c4db7ab1b749200bded2f839ccbe68f"},
]

[[package]]
name = "tomlkit"
version = "0.11.6"
description = "Style preserving TOML library"
category = "dev"
optional = false
python-versions = ">=3.6"
files = [
    {file = "tomlkit-0.11.6-py3-none-any.whl", hash = "sha256:07de26b0d8cfc18f871aec595fda24d95b08fef89d147caa861939f37230bf4b"},
    {file = "tomlkit-0.11.6.tar.gz", hash = "sha256:71b952e5721688937fb02cf9d354dbcf0785066149d2855e44531ebdd2b65d73"},
]

[[package]]
name = "ujson"
version = "5.7.0"
description = "Ultra fast JSON encoder and decoder for Python"
category = "dev"
optional = false
python-versions = ">=3.7"
files = [
    {file = "ujson-5.7.0-cp310-cp310-macosx_10_9_x86_64.whl", hash = "sha256:5eba5e69e4361ac3a311cf44fa71bc619361b6e0626768a494771aacd1c2f09b"},
    {file = "ujson-5.7.0-cp310-cp310-macosx_11_0_arm64.whl", hash = "sha256:aae4d9e1b4c7b61780f0a006c897a4a1904f862fdab1abb3ea8f45bd11aa58f3"},
    {file = "ujson-5.7.0-cp310-cp310-manylinux_2_17_aarch64.manylinux2014_aarch64.whl", hash = "sha256:d2e43ccdba1cb5c6d3448eadf6fc0dae7be6c77e357a3abc968d1b44e265866d"},
    {file = "ujson-5.7.0-cp310-cp310-manylinux_2_17_x86_64.manylinux2014_x86_64.whl", hash = "sha256:54384ce4920a6d35fa9ea8e580bc6d359e3eb961fa7e43f46c78e3ed162d56ff"},
    {file = "ujson-5.7.0-cp310-cp310-manylinux_2_5_i686.manylinux1_i686.manylinux_2_17_i686.manylinux2014_i686.whl", hash = "sha256:24ad1aa7fc4e4caa41d3d343512ce68e41411fb92adf7f434a4d4b3749dc8f58"},
    {file = "ujson-5.7.0-cp310-cp310-musllinux_1_1_aarch64.whl", hash = "sha256:afff311e9f065a8f03c3753db7011bae7beb73a66189c7ea5fcb0456b7041ea4"},
    {file = "ujson-5.7.0-cp310-cp310-musllinux_1_1_i686.whl", hash = "sha256:6e80f0d03e7e8646fc3d79ed2d875cebd4c83846e129737fdc4c2532dbd43d9e"},
    {file = "ujson-5.7.0-cp310-cp310-musllinux_1_1_x86_64.whl", hash = "sha256:137831d8a0db302fb6828ee21c67ad63ac537bddc4376e1aab1c8573756ee21c"},
    {file = "ujson-5.7.0-cp310-cp310-win32.whl", hash = "sha256:7df3fd35ebc14dafeea031038a99232b32f53fa4c3ecddb8bed132a43eefb8ad"},
    {file = "ujson-5.7.0-cp310-cp310-win_amd64.whl", hash = "sha256:af4639f684f425177d09ae409c07602c4096a6287027469157bfb6f83e01448b"},
    {file = "ujson-5.7.0-cp311-cp311-macosx_10_9_x86_64.whl", hash = "sha256:9b0f2680ce8a70f77f5d70aaf3f013d53e6af6d7058727a35d8ceb4a71cdd4e9"},
    {file = "ujson-5.7.0-cp311-cp311-macosx_11_0_arm64.whl", hash = "sha256:67a19fd8e7d8cc58a169bea99fed5666023adf707a536d8f7b0a3c51dd498abf"},
    {file = "ujson-5.7.0-cp311-cp311-manylinux_2_17_aarch64.manylinux2014_aarch64.whl", hash = "sha256:6abb8e6d8f1ae72f0ed18287245f5b6d40094e2656d1eab6d99d666361514074"},
    {file = "ujson-5.7.0-cp311-cp311-manylinux_2_17_x86_64.manylinux2014_x86_64.whl", hash = "sha256:d8cd622c069368d5074bd93817b31bdb02f8d818e57c29e206f10a1f9c6337dd"},
    {file = "ujson-5.7.0-cp311-cp311-manylinux_2_5_i686.manylinux1_i686.manylinux_2_17_i686.manylinux2014_i686.whl", hash = "sha256:14f9082669f90e18e64792b3fd0bf19f2b15e7fe467534a35ea4b53f3bf4b755"},
    {file = "ujson-5.7.0-cp311-cp311-musllinux_1_1_aarch64.whl", hash = "sha256:d7ff6ebb43bc81b057724e89550b13c9a30eda0f29c2f506f8b009895438f5a6"},
    {file = "ujson-5.7.0-cp311-cp311-musllinux_1_1_i686.whl", hash = "sha256:f7f241488879d91a136b299e0c4ce091996c684a53775e63bb442d1a8e9ae22a"},
    {file = "ujson-5.7.0-cp311-cp311-musllinux_1_1_x86_64.whl", hash = "sha256:5593263a7fcfb934107444bcfba9dde8145b282de0ee9f61e285e59a916dda0f"},
    {file = "ujson-5.7.0-cp311-cp311-win32.whl", hash = "sha256:26c2b32b489c393106e9cb68d0a02e1a7b9d05a07429d875c46b94ee8405bdb7"},
    {file = "ujson-5.7.0-cp311-cp311-win_amd64.whl", hash = "sha256:ed24406454bb5a31df18f0a423ae14beb27b28cdfa34f6268e7ebddf23da807e"},
    {file = "ujson-5.7.0-cp37-cp37m-macosx_10_9_x86_64.whl", hash = "sha256:18679484e3bf9926342b1c43a3bd640f93a9eeeba19ef3d21993af7b0c44785d"},
    {file = "ujson-5.7.0-cp37-cp37m-manylinux_2_17_aarch64.manylinux2014_aarch64.whl", hash = "sha256:0ee295761e1c6c30400641f0a20d381633d7622633cdf83a194f3c876a0e4b7e"},
    {file = "ujson-5.7.0-cp37-cp37m-manylinux_2_17_x86_64.manylinux2014_x86_64.whl", hash = "sha256:b738282e12a05f400b291966630a98d622da0938caa4bc93cf65adb5f4281c60"},
    {file = "ujson-5.7.0-cp37-cp37m-manylinux_2_5_i686.manylinux1_i686.manylinux_2_17_i686.manylinux2014_i686.whl", hash = "sha256:00343501dbaa5172e78ef0e37f9ebd08040110e11c12420ff7c1f9f0332d939e"},
    {file = "ujson-5.7.0-cp37-cp37m-musllinux_1_1_aarch64.whl", hash = "sha256:c0d1f7c3908357ee100aa64c4d1cf91edf99c40ac0069422a4fd5fd23b263263"},
    {file = "ujson-5.7.0-cp37-cp37m-musllinux_1_1_i686.whl", hash = "sha256:a5d2f44331cf04689eafac7a6596c71d6657967c07ac700b0ae1c921178645da"},
    {file = "ujson-5.7.0-cp37-cp37m-musllinux_1_1_x86_64.whl", hash = "sha256:16b2254a77b310f118717715259a196662baa6b1f63b1a642d12ab1ff998c3d7"},
    {file = "ujson-5.7.0-cp37-cp37m-win32.whl", hash = "sha256:6faf46fa100b2b89e4db47206cf8a1ffb41542cdd34dde615b2fc2288954f194"},
    {file = "ujson-5.7.0-cp37-cp37m-win_amd64.whl", hash = "sha256:ff0004c3f5a9a6574689a553d1b7819d1a496b4f005a7451f339dc2d9f4cf98c"},
    {file = "ujson-5.7.0-cp38-cp38-macosx_10_9_x86_64.whl", hash = "sha256:75204a1dd7ec6158c8db85a2f14a68d2143503f4bafb9a00b63fe09d35762a5e"},
    {file = "ujson-5.7.0-cp38-cp38-macosx_11_0_arm64.whl", hash = "sha256:7312731c7826e6c99cdd3ac503cd9acd300598e7a80bcf41f604fee5f49f566c"},
    {file = "ujson-5.7.0-cp38-cp38-manylinux_2_17_aarch64.manylinux2014_aarch64.whl", hash = "sha256:7b9dc5a90e2149643df7f23634fe202fed5ebc787a2a1be95cf23632b4d90651"},
    {file = "ujson-5.7.0-cp38-cp38-manylinux_2_17_x86_64.manylinux2014_x86_64.whl", hash = "sha256:b6a6961fc48821d84b1198a09516e396d56551e910d489692126e90bf4887d29"},
    {file = "ujson-5.7.0-cp38-cp38-manylinux_2_5_i686.manylinux1_i686.manylinux_2_17_i686.manylinux2014_i686.whl", hash = "sha256:b01a9af52a0d5c46b2c68e3f258fdef2eacaa0ce6ae3e9eb97983f5b1166edb6"},
    {file = "ujson-5.7.0-cp38-cp38-musllinux_1_1_aarch64.whl", hash = "sha256:b7316d3edeba8a403686cdcad4af737b8415493101e7462a70ff73dd0609eafc"},
    {file = "ujson-5.7.0-cp38-cp38-musllinux_1_1_i686.whl", hash = "sha256:4ee997799a23227e2319a3f8817ce0b058923dbd31904761b788dc8f53bd3e30"},
    {file = "ujson-5.7.0-cp38-cp38-musllinux_1_1_x86_64.whl", hash = "sha256:dda9aa4c33435147262cd2ea87c6b7a1ca83ba9b3933ff7df34e69fee9fced0c"},
    {file = "ujson-5.7.0-cp38-cp38-win32.whl", hash = "sha256:bea8d30e362180aafecabbdcbe0e1f0b32c9fa9e39c38e4af037b9d3ca36f50c"},
    {file = "ujson-5.7.0-cp38-cp38-win_amd64.whl", hash = "sha256:c96e3b872bf883090ddf32cc41957edf819c5336ab0007d0cf3854e61841726d"},
    {file = "ujson-5.7.0-cp39-cp39-macosx_10_9_x86_64.whl", hash = "sha256:6411aea4c94a8e93c2baac096fbf697af35ba2b2ed410b8b360b3c0957a952d3"},
    {file = "ujson-5.7.0-cp39-cp39-macosx_11_0_arm64.whl", hash = "sha256:3d3b3499c55911f70d4e074c626acdb79a56f54262c3c83325ffb210fb03e44d"},
    {file = "ujson-5.7.0-cp39-cp39-manylinux_2_17_aarch64.manylinux2014_aarch64.whl", hash = "sha256:341f891d45dd3814d31764626c55d7ab3fd21af61fbc99d070e9c10c1190680b"},
    {file = "ujson-5.7.0-cp39-cp39-manylinux_2_17_x86_64.manylinux2014_x86_64.whl", hash = "sha256:2f242eec917bafdc3f73a1021617db85f9958df80f267db69c76d766058f7b19"},
    {file = "ujson-5.7.0-cp39-cp39-manylinux_2_5_i686.manylinux1_i686.manylinux_2_17_i686.manylinux2014_i686.whl", hash = "sha256:c3af9f9f22a67a8c9466a32115d9073c72a33ae627b11de6f592df0ee09b98b6"},
    {file = "ujson-5.7.0-cp39-cp39-musllinux_1_1_aarch64.whl", hash = "sha256:4a3d794afbf134df3056a813e5c8a935208cddeae975bd4bc0ef7e89c52f0ce0"},
    {file = "ujson-5.7.0-cp39-cp39-musllinux_1_1_i686.whl", hash = "sha256:800bf998e78dae655008dd10b22ca8dc93bdcfcc82f620d754a411592da4bbf2"},
    {file = "ujson-5.7.0-cp39-cp39-musllinux_1_1_x86_64.whl", hash = "sha256:b5ac3d5c5825e30b438ea92845380e812a476d6c2a1872b76026f2e9d8060fc2"},
    {file = "ujson-5.7.0-cp39-cp39-win32.whl", hash = "sha256:cd90027e6d93e8982f7d0d23acf88c896d18deff1903dd96140613389b25c0dd"},
    {file = "ujson-5.7.0-cp39-cp39-win_amd64.whl", hash = "sha256:523ee146cdb2122bbd827f4dcc2a8e66607b3f665186bce9e4f78c9710b6d8ab"},
    {file = "ujson-5.7.0-pp37-pypy37_pp73-macosx_10_9_x86_64.whl", hash = "sha256:e87cec407ec004cf1b04c0ed7219a68c12860123dfb8902ef880d3d87a71c172"},
    {file = "ujson-5.7.0-pp37-pypy37_pp73-manylinux_2_17_aarch64.manylinux2014_aarch64.whl", hash = "sha256:bab10165db6a7994e67001733f7f2caf3400b3e11538409d8756bc9b1c64f7e8"},
    {file = "ujson-5.7.0-pp37-pypy37_pp73-manylinux_2_17_x86_64.manylinux2014_x86_64.whl", hash = "sha256:b522be14a28e6ac1cf818599aeff1004a28b42df4ed4d7bc819887b9dac915fc"},
    {file = "ujson-5.7.0-pp37-pypy37_pp73-manylinux_2_5_i686.manylinux1_i686.manylinux_2_17_i686.manylinux2014_i686.whl", hash = "sha256:7592f40175c723c032cdbe9fe5165b3b5903604f774ab0849363386e99e1f253"},
    {file = "ujson-5.7.0-pp37-pypy37_pp73-win_amd64.whl", hash = "sha256:ed22f9665327a981f288a4f758a432824dc0314e4195a0eaeb0da56a477da94d"},
    {file = "ujson-5.7.0-pp38-pypy38_pp73-macosx_10_9_x86_64.whl", hash = "sha256:adf445a49d9a97a5a4c9bb1d652a1528de09dd1c48b29f79f3d66cea9f826bf6"},
    {file = "ujson-5.7.0-pp38-pypy38_pp73-manylinux_2_17_aarch64.manylinux2014_aarch64.whl", hash = "sha256:64772a53f3c4b6122ed930ae145184ebaed38534c60f3d859d8c3f00911eb122"},
    {file = "ujson-5.7.0-pp38-pypy38_pp73-manylinux_2_17_x86_64.manylinux2014_x86_64.whl", hash = "sha256:35209cb2c13fcb9d76d249286105b4897b75a5e7f0efb0c0f4b90f222ce48910"},
    {file = "ujson-5.7.0-pp38-pypy38_pp73-manylinux_2_5_i686.manylinux1_i686.manylinux_2_17_i686.manylinux2014_i686.whl", hash = "sha256:90712dfc775b2c7a07d4d8e059dd58636bd6ff1776d79857776152e693bddea6"},
    {file = "ujson-5.7.0-pp38-pypy38_pp73-win_amd64.whl", hash = "sha256:0e4e8981c6e7e9e637e637ad8ffe948a09e5434bc5f52ecbb82b4b4cfc092bfb"},
    {file = "ujson-5.7.0-pp39-pypy39_pp73-macosx_10_9_x86_64.whl", hash = "sha256:581c945b811a3d67c27566539bfcb9705ea09cb27c4be0002f7a553c8886b817"},
    {file = "ujson-5.7.0-pp39-pypy39_pp73-manylinux_2_17_aarch64.manylinux2014_aarch64.whl", hash = "sha256:d36a807a24c7d44f71686685ae6fbc8793d784bca1adf4c89f5f780b835b6243"},
    {file = "ujson-5.7.0-pp39-pypy39_pp73-manylinux_2_17_x86_64.manylinux2014_x86_64.whl", hash = "sha256:8b4257307e3662aa65e2644a277ca68783c5d51190ed9c49efebdd3cbfd5fa44"},
    {file = "ujson-5.7.0-pp39-pypy39_pp73-manylinux_2_5_i686.manylinux1_i686.manylinux_2_17_i686.manylinux2014_i686.whl", hash = "sha256:ea7423d8a2f9e160c5e011119741682414c5b8dce4ae56590a966316a07a4618"},
    {file = "ujson-5.7.0-pp39-pypy39_pp73-win_amd64.whl", hash = "sha256:4c592eb91a5968058a561d358d0fef59099ed152cfb3e1cd14eee51a7a93879e"},
    {file = "ujson-5.7.0.tar.gz", hash = "sha256:e788e5d5dcae8f6118ac9b45d0b891a0d55f7ac480eddcb7f07263f2bcf37b23"},
]

[[package]]
name = "whatthepatch"
version = "1.0.4"
description = "A patch parsing and application library."
category = "dev"
optional = false
python-versions = ">=3.7"
files = [
    {file = "whatthepatch-1.0.4-py3-none-any.whl", hash = "sha256:e1261068ba4df71f72ac1b0dfd2271362691c25e8843c1fcbd170166c219f3aa"},
    {file = "whatthepatch-1.0.4.tar.gz", hash = "sha256:e95c108087845b09258ddfaf82aa13cf83ba8319475117c0909754ca8b54d742"},
]

[[package]]
name = "wrapt"
version = "1.14.1"
description = "Module for decorators, wrappers and monkey patching."
category = "dev"
optional = false
python-versions = "!=3.0.*,!=3.1.*,!=3.2.*,!=3.3.*,!=3.4.*,>=2.7"
files = [
    {file = "wrapt-1.14.1-cp27-cp27m-macosx_10_9_x86_64.whl", hash = "sha256:1b376b3f4896e7930f1f772ac4b064ac12598d1c38d04907e696cc4d794b43d3"},
    {file = "wrapt-1.14.1-cp27-cp27m-manylinux1_i686.whl", hash = "sha256:903500616422a40a98a5a3c4ff4ed9d0066f3b4c951fa286018ecdf0750194ef"},
    {file = "wrapt-1.14.1-cp27-cp27m-manylinux1_x86_64.whl", hash = "sha256:5a9a0d155deafd9448baff28c08e150d9b24ff010e899311ddd63c45c2445e28"},
    {file = "wrapt-1.14.1-cp27-cp27m-manylinux2010_i686.whl", hash = "sha256:ddaea91abf8b0d13443f6dac52e89051a5063c7d014710dcb4d4abb2ff811a59"},
    {file = "wrapt-1.14.1-cp27-cp27m-manylinux2010_x86_64.whl", hash = "sha256:36f582d0c6bc99d5f39cd3ac2a9062e57f3cf606ade29a0a0d6b323462f4dd87"},
    {file = "wrapt-1.14.1-cp27-cp27mu-manylinux1_i686.whl", hash = "sha256:7ef58fb89674095bfc57c4069e95d7a31cfdc0939e2a579882ac7d55aadfd2a1"},
    {file = "wrapt-1.14.1-cp27-cp27mu-manylinux1_x86_64.whl", hash = "sha256:e2f83e18fe2f4c9e7db597e988f72712c0c3676d337d8b101f6758107c42425b"},
    {file = "wrapt-1.14.1-cp27-cp27mu-manylinux2010_i686.whl", hash = "sha256:ee2b1b1769f6707a8a445162ea16dddf74285c3964f605877a20e38545c3c462"},
    {file = "wrapt-1.14.1-cp27-cp27mu-manylinux2010_x86_64.whl", hash = "sha256:833b58d5d0b7e5b9832869f039203389ac7cbf01765639c7309fd50ef619e0b1"},
    {file = "wrapt-1.14.1-cp310-cp310-macosx_10_9_x86_64.whl", hash = "sha256:80bb5c256f1415f747011dc3604b59bc1f91c6e7150bd7db03b19170ee06b320"},
    {file = "wrapt-1.14.1-cp310-cp310-macosx_11_0_arm64.whl", hash = "sha256:07f7a7d0f388028b2df1d916e94bbb40624c59b48ecc6cbc232546706fac74c2"},
    {file = "wrapt-1.14.1-cp310-cp310-manylinux_2_17_aarch64.manylinux2014_aarch64.whl", hash = "sha256:02b41b633c6261feff8ddd8d11c711df6842aba629fdd3da10249a53211a72c4"},
    {file = "wrapt-1.14.1-cp310-cp310-manylinux_2_5_i686.manylinux1_i686.manylinux_2_17_i686.manylinux2014_i686.whl", hash = "sha256:2fe803deacd09a233e4762a1adcea5db5d31e6be577a43352936179d14d90069"},
    {file = "wrapt-1.14.1-cp310-cp310-manylinux_2_5_x86_64.manylinux1_x86_64.manylinux_2_17_x86_64.manylinux2014_x86_64.whl", hash = "sha256:257fd78c513e0fb5cdbe058c27a0624c9884e735bbd131935fd49e9fe719d310"},
    {file = "wrapt-1.14.1-cp310-cp310-musllinux_1_1_aarch64.whl", hash = "sha256:4fcc4649dc762cddacd193e6b55bc02edca674067f5f98166d7713b193932b7f"},
    {file = "wrapt-1.14.1-cp310-cp310-musllinux_1_1_i686.whl", hash = "sha256:11871514607b15cfeb87c547a49bca19fde402f32e2b1c24a632506c0a756656"},
    {file = "wrapt-1.14.1-cp310-cp310-musllinux_1_1_x86_64.whl", hash = "sha256:8ad85f7f4e20964db4daadcab70b47ab05c7c1cf2a7c1e51087bfaa83831854c"},
    {file = "wrapt-1.14.1-cp310-cp310-win32.whl", hash = "sha256:a9a52172be0b5aae932bef82a79ec0a0ce87288c7d132946d645eba03f0ad8a8"},
    {file = "wrapt-1.14.1-cp310-cp310-win_amd64.whl", hash = "sha256:6d323e1554b3d22cfc03cd3243b5bb815a51f5249fdcbb86fda4bf62bab9e164"},
    {file = "wrapt-1.14.1-cp35-cp35m-manylinux1_i686.whl", hash = "sha256:43ca3bbbe97af00f49efb06e352eae40434ca9d915906f77def219b88e85d907"},
    {file = "wrapt-1.14.1-cp35-cp35m-manylinux1_x86_64.whl", hash = "sha256:6b1a564e6cb69922c7fe3a678b9f9a3c54e72b469875aa8018f18b4d1dd1adf3"},
    {file = "wrapt-1.14.1-cp35-cp35m-manylinux2010_i686.whl", hash = "sha256:00b6d4ea20a906c0ca56d84f93065b398ab74b927a7a3dbd470f6fc503f95dc3"},
    {file = "wrapt-1.14.1-cp35-cp35m-manylinux2010_x86_64.whl", hash = "sha256:a85d2b46be66a71bedde836d9e41859879cc54a2a04fad1191eb50c2066f6e9d"},
    {file = "wrapt-1.14.1-cp35-cp35m-win32.whl", hash = "sha256:dbcda74c67263139358f4d188ae5faae95c30929281bc6866d00573783c422b7"},
    {file = "wrapt-1.14.1-cp35-cp35m-win_amd64.whl", hash = "sha256:b21bb4c09ffabfa0e85e3a6b623e19b80e7acd709b9f91452b8297ace2a8ab00"},
    {file = "wrapt-1.14.1-cp36-cp36m-macosx_10_9_x86_64.whl", hash = "sha256:9e0fd32e0148dd5dea6af5fee42beb949098564cc23211a88d799e434255a1f4"},
    {file = "wrapt-1.14.1-cp36-cp36m-manylinux_2_17_aarch64.manylinux2014_aarch64.whl", hash = "sha256:9736af4641846491aedb3c3f56b9bc5568d92b0692303b5a305301a95dfd38b1"},
    {file = "wrapt-1.14.1-cp36-cp36m-manylinux_2_5_i686.manylinux1_i686.manylinux_2_17_i686.manylinux2014_i686.whl", hash = "sha256:5b02d65b9ccf0ef6c34cba6cf5bf2aab1bb2f49c6090bafeecc9cd81ad4ea1c1"},
    {file = "wrapt-1.14.1-cp36-cp36m-manylinux_2_5_x86_64.manylinux1_x86_64.manylinux_2_17_x86_64.manylinux2014_x86_64.whl", hash = "sha256:21ac0156c4b089b330b7666db40feee30a5d52634cc4560e1905d6529a3897ff"},
    {file = "wrapt-1.14.1-cp36-cp36m-musllinux_1_1_aarch64.whl", hash = "sha256:9f3e6f9e05148ff90002b884fbc2a86bd303ae847e472f44ecc06c2cd2fcdb2d"},
    {file = "wrapt-1.14.1-cp36-cp36m-musllinux_1_1_i686.whl", hash = "sha256:6e743de5e9c3d1b7185870f480587b75b1cb604832e380d64f9504a0535912d1"},
    {file = "wrapt-1.14.1-cp36-cp36m-musllinux_1_1_x86_64.whl", hash = "sha256:d79d7d5dc8a32b7093e81e97dad755127ff77bcc899e845f41bf71747af0c569"},
    {file = "wrapt-1.14.1-cp36-cp36m-win32.whl", hash = "sha256:81b19725065dcb43df02b37e03278c011a09e49757287dca60c5aecdd5a0b8ed"},
    {file = "wrapt-1.14.1-cp36-cp36m-win_amd64.whl", hash = "sha256:b014c23646a467558be7da3d6b9fa409b2c567d2110599b7cf9a0c5992b3b471"},
    {file = "wrapt-1.14.1-cp37-cp37m-macosx_10_9_x86_64.whl", hash = "sha256:88bd7b6bd70a5b6803c1abf6bca012f7ed963e58c68d76ee20b9d751c74a3248"},
    {file = "wrapt-1.14.1-cp37-cp37m-manylinux_2_17_aarch64.manylinux2014_aarch64.whl", hash = "sha256:b5901a312f4d14c59918c221323068fad0540e34324925c8475263841dbdfe68"},
    {file = "wrapt-1.14.1-cp37-cp37m-manylinux_2_5_i686.manylinux1_i686.manylinux_2_17_i686.manylinux2014_i686.whl", hash = "sha256:d77c85fedff92cf788face9bfa3ebaa364448ebb1d765302e9af11bf449ca36d"},
    {file = "wrapt-1.14.1-cp37-cp37m-manylinux_2_5_x86_64.manylinux1_x86_64.manylinux_2_17_x86_64.manylinux2014_x86_64.whl", hash = "sha256:8d649d616e5c6a678b26d15ece345354f7c2286acd6db868e65fcc5ff7c24a77"},
    {file = "wrapt-1.14.1-cp37-cp37m-musllinux_1_1_aarch64.whl", hash = "sha256:7d2872609603cb35ca513d7404a94d6d608fc13211563571117046c9d2bcc3d7"},
    {file = "wrapt-1.14.1-cp37-cp37m-musllinux_1_1_i686.whl", hash = "sha256:ee6acae74a2b91865910eef5e7de37dc6895ad96fa23603d1d27ea69df545015"},
    {file = "wrapt-1.14.1-cp37-cp37m-musllinux_1_1_x86_64.whl", hash = "sha256:2b39d38039a1fdad98c87279b48bc5dce2c0ca0d73483b12cb72aa9609278e8a"},
    {file = "wrapt-1.14.1-cp37-cp37m-win32.whl", hash = "sha256:60db23fa423575eeb65ea430cee741acb7c26a1365d103f7b0f6ec412b893853"},
    {file = "wrapt-1.14.1-cp37-cp37m-win_amd64.whl", hash = "sha256:709fe01086a55cf79d20f741f39325018f4df051ef39fe921b1ebe780a66184c"},
    {file = "wrapt-1.14.1-cp38-cp38-macosx_10_9_x86_64.whl", hash = "sha256:8c0ce1e99116d5ab21355d8ebe53d9460366704ea38ae4d9f6933188f327b456"},
    {file = "wrapt-1.14.1-cp38-cp38-macosx_11_0_arm64.whl", hash = "sha256:e3fb1677c720409d5f671e39bac6c9e0e422584e5f518bfd50aa4cbbea02433f"},
    {file = "wrapt-1.14.1-cp38-cp38-manylinux_2_17_aarch64.manylinux2014_aarch64.whl", hash = "sha256:642c2e7a804fcf18c222e1060df25fc210b9c58db7c91416fb055897fc27e8cc"},
    {file = "wrapt-1.14.1-cp38-cp38-manylinux_2_5_i686.manylinux1_i686.manylinux_2_17_i686.manylinux2014_i686.whl", hash = "sha256:7b7c050ae976e286906dd3f26009e117eb000fb2cf3533398c5ad9ccc86867b1"},
    {file = "wrapt-1.14.1-cp38-cp38-manylinux_2_5_x86_64.manylinux1_x86_64.manylinux_2_17_x86_64.manylinux2014_x86_64.whl", hash = "sha256:ef3f72c9666bba2bab70d2a8b79f2c6d2c1a42a7f7e2b0ec83bb2f9e383950af"},
    {file = "wrapt-1.14.1-cp38-cp38-musllinux_1_1_aarch64.whl", hash = "sha256:01c205616a89d09827986bc4e859bcabd64f5a0662a7fe95e0d359424e0e071b"},
    {file = "wrapt-1.14.1-cp38-cp38-musllinux_1_1_i686.whl", hash = "sha256:5a0f54ce2c092aaf439813735584b9537cad479575a09892b8352fea5e988dc0"},
    {file = "wrapt-1.14.1-cp38-cp38-musllinux_1_1_x86_64.whl", hash = "sha256:2cf71233a0ed05ccdabe209c606fe0bac7379fdcf687f39b944420d2a09fdb57"},
    {file = "wrapt-1.14.1-cp38-cp38-win32.whl", hash = "sha256:aa31fdcc33fef9eb2552cbcbfee7773d5a6792c137b359e82879c101e98584c5"},
    {file = "wrapt-1.14.1-cp38-cp38-win_amd64.whl", hash = "sha256:d1967f46ea8f2db647c786e78d8cc7e4313dbd1b0aca360592d8027b8508e24d"},
    {file = "wrapt-1.14.1-cp39-cp39-macosx_10_9_x86_64.whl", hash = "sha256:3232822c7d98d23895ccc443bbdf57c7412c5a65996c30442ebe6ed3df335383"},
    {file = "wrapt-1.14.1-cp39-cp39-macosx_11_0_arm64.whl", hash = "sha256:988635d122aaf2bdcef9e795435662bcd65b02f4f4c1ae37fbee7401c440b3a7"},
    {file = "wrapt-1.14.1-cp39-cp39-manylinux_2_17_aarch64.manylinux2014_aarch64.whl", hash = "sha256:9cca3c2cdadb362116235fdbd411735de4328c61425b0aa9f872fd76d02c4e86"},
    {file = "wrapt-1.14.1-cp39-cp39-manylinux_2_5_i686.manylinux1_i686.manylinux_2_17_i686.manylinux2014_i686.whl", hash = "sha256:d52a25136894c63de15a35bc0bdc5adb4b0e173b9c0d07a2be9d3ca64a332735"},
    {file = "wrapt-1.14.1-cp39-cp39-manylinux_2_5_x86_64.manylinux1_x86_64.manylinux_2_17_x86_64.manylinux2014_x86_64.whl", hash = "sha256:40e7bc81c9e2b2734ea4bc1aceb8a8f0ceaac7c5299bc5d69e37c44d9081d43b"},
    {file = "wrapt-1.14.1-cp39-cp39-musllinux_1_1_aarch64.whl", hash = "sha256:b9b7a708dd92306328117d8c4b62e2194d00c365f18eff11a9b53c6f923b01e3"},
    {file = "wrapt-1.14.1-cp39-cp39-musllinux_1_1_i686.whl", hash = "sha256:6a9a25751acb379b466ff6be78a315e2b439d4c94c1e99cb7266d40a537995d3"},
    {file = "wrapt-1.14.1-cp39-cp39-musllinux_1_1_x86_64.whl", hash = "sha256:34aa51c45f28ba7f12accd624225e2b1e5a3a45206aa191f6f9aac931d9d56fe"},
    {file = "wrapt-1.14.1-cp39-cp39-win32.whl", hash = "sha256:dee0ce50c6a2dd9056c20db781e9c1cfd33e77d2d569f5d1d9321c641bb903d5"},
    {file = "wrapt-1.14.1-cp39-cp39-win_amd64.whl", hash = "sha256:dee60e1de1898bde3b238f18340eec6148986da0455d8ba7848d50470a7a32fb"},
    {file = "wrapt-1.14.1.tar.gz", hash = "sha256:380a85cf89e0e69b7cfbe2ea9f765f004ff419f34194018a6827ac0e3edfed4d"},
]

[[package]]
name = "yapf"
version = "0.32.0"
description = "A formatter for Python code."
category = "dev"
optional = false
python-versions = "*"
files = [
    {file = "yapf-0.32.0-py2.py3-none-any.whl", hash = "sha256:8fea849025584e486fd06d6ba2bed717f396080fd3cc236ba10cb97c4c51cf32"},
    {file = "yapf-0.32.0.tar.gz", hash = "sha256:a3f5085d37ef7e3e004c4ba9f9b3e40c54ff1901cd111f05145ae313a7c67d1b"},
]

[metadata]
lock-version = "2.0"
python-versions = "~3.11"
content-hash = "80de6c4efa7feba820d1d5680e113343614cf322267fc576e1aa292d8499cdc8"
